
Microsoft Visual Studio Solution File, Format Version 11.00
# Visual Studio 2010
Project("{FAE04EC0-301F-11D3-BF4B-00C04F79EFBC}") = "SqliteDemo", "SqliteDemo\SqliteDemo.csproj", "{38D56AAA-E930-40DE-899C-42BBB14A0C7E}"
EndProject
Project("{FAE04EC0-301F-11D3-BF4B-00C04F79EFBC}") = "WindowsFormsApplication1", "WindowsFormsApplication1\WindowsFormsApplication1.csproj", "{AFA30AFE-E00B-43F1-BCB6-51F578046D77}"
EndProject
Global
	GlobalSection(SolutionConfigurationPlatforms) = preSolution
		Debug|x86 = Debug|x86
		Release|x86 = Release|x86
	EndGlobalSection
	GlobalSection(ProjectConfigurationPlatforms) = postSolution
		{38D56AAA-E930-40DE-899C-42BBB14A0C7E}.Debug|x86.ActiveCfg = Debug|x86
		{38D56AAA-E930-40DE-899C-42BBB14A0C7E}.Debug|x86.Build.0 = Debug|x86
		{38D56AAA-E930-40DE-899C-42BBB14A0C7E}.Release|x86.ActiveCfg = Release|x86
		{38D56AAA-E930-40DE-899C-42BBB14A0C7E}.Release|x86.Build.0 = Release|x86
		{AFA30AFE-E00B-43F1-BCB6-51F578046D77}.Debug|x86.ActiveCfg = Debug|x86
		{AFA30AFE-E00B-43F1-BCB6-51F578046D77}.Debug|x86.Build.0 = Debug|x86
		{AFA30AFE-E00B-43F1-BCB6-51F578046D77}.Release|x86.ActiveCfg = Release|x86
		{AFA30AFE-E00B-43F1-BCB6-51F578046D77}.Release|x86.Build.0 = Release|x86
	EndGlobalSection
	GlobalSection(SolutionProperties) = preSolution
		HideSolutionNode = FALSE
	EndGlobalSection
EndGlobal
